{
  "object": {
    "pins": [
      {
        "package": "SwiftyGPIO",
        "repositoryURL": "https://github.com/nallick/SwiftyGPIO.git",
        "state": {
          "branch": null,
          "revision": "501f05ae3faaba40ac35167acb9a32e8c20a0715",
          "version": "1.5.0"
        }
      }
    ]
  },
  "version": 1
}
