{
  "object": {
    "pins": [
      {
        "package": "SwiftyGPIO",
        "repositoryURL": "https://github.com/uraimo/SwiftyGPIO.git",
        "state": {
          "branch": null,
          "revision": "1754dc31e4d648c6999b3e664d8669d1a87c22eb",
          "version": "1.3.9"
        }
      }
    ]
  },
  "version": 1
}
